
Microsoft Visual Studio Solution File, Format Version 12.00
# Visual Studio Version 16
VisualStudioVersion = 16.0.30114.105
MinimumVisualStudioVersion = 10.0.40219.1
Project("{FAE04EC0-301F-11D3-BF4B-00C04F79EFBC}") = "Squadrosu.Framework", "Squadrosu.Framework\Squadrosu.Framework.csproj", "{CE30EA87-4F54-4FA4-8C09-AE9F0EC85CD9}"
EndProject
Project("{FAE04EC0-301F-11D3-BF4B-00C04F79EFBC}") = "Squadrosu.Framework.Test", "Squadrosu.Framework.Test\Squadrosu.Framework.Test.csproj", "{F3F222BC-9730-4085-BE5C-3B4D7F8912F6}"
EndProject
Project("{FAE04EC0-301F-11D3-BF4B-00C04F79EFBC}") = "Squadrosu.Desktop", "Squadrosu.Desktop\Squadrosu.Desktop.csproj", "{C7820176-D716-4715-B3BA-BE97384D0403}"
EndProject
Project("{FAE04EC0-301F-11D3-BF4B-00C04F79EFBC}") = "Squadrosu.Game.Tests", "Squadrosu.Game.Tests\Squadrosu.Game.Tests.csproj", "{DADBB957-9C79-497C-8A86-F52E373C4757}"
EndProject
Project("{FAE04EC0-301F-11D3-BF4B-00C04F79EFBC}") = "Squadrosu.Game", "Squadrosu.Game\Squadrosu.Game.csproj", "{6DE0215F-2CC5-4313-8BA8-4B937E47AF7C}"
EndProject
Project("{FAE04EC0-301F-11D3-BF4B-00C04F79EFBC}") = "Squadrosu.Resources", "Squadrosu.Resources\Squadrosu.Resources.csproj", "{737B5026-40A1-4981-B06A-A7F896D4B9F6}"
EndProject
Global
	GlobalSection(SolutionConfigurationPlatforms) = preSolution
		Debug|Any CPU = Debug|Any CPU
		Release|Any CPU = Release|Any CPU
	EndGlobalSection
	GlobalSection(SolutionProperties) = preSolution
		HideSolutionNode = FALSE
	EndGlobalSection
	GlobalSection(ProjectConfigurationPlatforms) = postSolution
		{CE30EA87-4F54-4FA4-8C09-AE9F0EC85CD9}.Debug|Any CPU.ActiveCfg = Debug|Any CPU
		{CE30EA87-4F54-4FA4-8C09-AE9F0EC85CD9}.Debug|Any CPU.Build.0 = Debug|Any CPU
		{CE30EA87-4F54-4FA4-8C09-AE9F0EC85CD9}.Release|Any CPU.ActiveCfg = Release|Any CPU
		{CE30EA87-4F54-4FA4-8C09-AE9F0EC85CD9}.Release|Any CPU.Build.0 = Release|Any CPU
		{F3F222BC-9730-4085-BE5C-3B4D7F8912F6}.Debug|Any CPU.ActiveCfg = Debug|Any CPU
		{F3F222BC-9730-4085-BE5C-3B4D7F8912F6}.Debug|Any CPU.Build.0 = Debug|Any CPU
		{F3F222BC-9730-4085-BE5C-3B4D7F8912F6}.Release|Any CPU.ActiveCfg = Release|Any CPU
		{F3F222BC-9730-4085-BE5C-3B4D7F8912F6}.Release|Any CPU.Build.0 = Release|Any CPU
		{C7820176-D716-4715-B3BA-BE97384D0403}.Debug|Any CPU.ActiveCfg = Debug|Any CPU
		{C7820176-D716-4715-B3BA-BE97384D0403}.Debug|Any CPU.Build.0 = Debug|Any CPU
		{C7820176-D716-4715-B3BA-BE97384D0403}.Release|Any CPU.ActiveCfg = Release|Any CPU
		{C7820176-D716-4715-B3BA-BE97384D0403}.Release|Any CPU.Build.0 = Release|Any CPU
		{DADBB957-9C79-497C-8A86-F52E373C4757}.Debug|Any CPU.ActiveCfg = Debug|Any CPU
		{DADBB957-9C79-497C-8A86-F52E373C4757}.Debug|Any CPU.Build.0 = Debug|Any CPU
		{DADBB957-9C79-497C-8A86-F52E373C4757}.Release|Any CPU.ActiveCfg = Release|Any CPU
		{DADBB957-9C79-497C-8A86-F52E373C4757}.Release|Any CPU.Build.0 = Release|Any CPU
		{6DE0215F-2CC5-4313-8BA8-4B937E47AF7C}.Debug|Any CPU.ActiveCfg = Debug|Any CPU
		{6DE0215F-2CC5-4313-8BA8-4B937E47AF7C}.Debug|Any CPU.Build.0 = Debug|Any CPU
		{6DE0215F-2CC5-4313-8BA8-4B937E47AF7C}.Release|Any CPU.ActiveCfg = Release|Any CPU
		{6DE0215F-2CC5-4313-8BA8-4B937E47AF7C}.Release|Any CPU.Build.0 = Release|Any CPU
		{737B5026-40A1-4981-B06A-A7F896D4B9F6}.Debug|Any CPU.ActiveCfg = Debug|Any CPU
		{737B5026-40A1-4981-B06A-A7F896D4B9F6}.Debug|Any CPU.Build.0 = Debug|Any CPU
		{737B5026-40A1-4981-B06A-A7F896D4B9F6}.Release|Any CPU.ActiveCfg = Release|Any CPU
		{737B5026-40A1-4981-B06A-A7F896D4B9F6}.Release|Any CPU.Build.0 = Release|Any CPU
	EndGlobalSection
EndGlobal
